
Microsoft Visual Studio Solution File, Format Version 12.00
# Visual Studio Version 16
VisualStudioVersion = 16.0.29509.3
MinimumVisualStudioVersion = 10.0.40219.1
Project("{FAE04EC0-301F-11D3-BF4B-00C04F79EFBC}") = "WpfApp2", "WpfApp2\WpfApp2.csproj", "{A3BB0303-E637-4878-9757-5A2F321ACD4F}"
EndProject
Project("{FAE04EC0-301F-11D3-BF4B-00C04F79EFBC}") = "Task1", "Task1\Task1.csproj", "{C85905F0-D29E-455D-B727-E692C4F6475A}"
EndProject
Project("{FAE04EC0-301F-11D3-BF4B-00C04F79EFBC}") = "Task2", "Task2\Task2.csproj", "{7596F3DD-EC27-4FC8-940C-EDBA32D1AB3C}"
EndProject
Project("{FAE04EC0-301F-11D3-BF4B-00C04F79EFBC}") = "Task3", "Task3\Task3.csproj", "{18A70DD5-788D-46D0-89A2-7E5C470D6CA6}"
EndProject
Project("{FAE04EC0-301F-11D3-BF4B-00C04F79EFBC}") = "Task4", "Task4\Task4.csproj", "{34791FA0-6BCE-4B24-8200-FC5A35CD8DFD}"
EndProject
Project("{FAE04EC0-301F-11D3-BF4B-00C04F79EFBC}") = "Task5", "Task5\Task5.csproj", "{EF0E6444-59BF-4ED9-A12C-183486EE8F76}"
EndProject
Project("{FAE04EC0-301F-11D3-BF4B-00C04F79EFBC}") = "Task6", "Task6\Task6.csproj", "{F48D0B86-D47E-44D0-A0B3-21DF3C79EAFA}"
EndProject
Project("{FAE04EC0-301F-11D3-BF4B-00C04F79EFBC}") = "Task7", "Task7\Task7.csproj", "{F772A154-0726-491D-AFF9-FAC0E19BAC3F}"
EndProject
Project("{FAE04EC0-301F-11D3-BF4B-00C04F79EFBC}") = "Task8", "Task8\Task8.csproj", "{862563D5-D39F-4275-87A4-4EAA6B831985}"
EndProject
Project("{FAE04EC0-301F-11D3-BF4B-00C04F79EFBC}") = "Task9", "Task9\Task9.csproj", "{C60163CD-630C-402A-B95F-BE55F2E482E8}"
EndProject
Project("{FAE04EC0-301F-11D3-BF4B-00C04F79EFBC}") = "Task10", "Task10\Task10.csproj", "{61C788E6-1425-4364-A3E8-283D7F3F12B4}"
EndProject
Project("{FAE04EC0-301F-11D3-BF4B-00C04F79EFBC}") = "Task11", "Task11\Task11.csproj", "{7FB7606C-5616-4A5D-BFC3-DD97871E7F20}"
EndProject
Project("{FAE04EC0-301F-11D3-BF4B-00C04F79EFBC}") = "Task12", "Task12\Task12.csproj", "{B496202D-96EA-4669-84F3-906E6CEA2207}"
EndProject
Global
	GlobalSection(SolutionConfigurationPlatforms) = preSolution
		Debug|Any CPU = Debug|Any CPU
		Release|Any CPU = Release|Any CPU
	EndGlobalSection
	GlobalSection(ProjectConfigurationPlatforms) = postSolution
		{A3BB0303-E637-4878-9757-5A2F321ACD4F}.Debug|Any CPU.ActiveCfg = Debug|Any CPU
		{A3BB0303-E637-4878-9757-5A2F321ACD4F}.Debug|Any CPU.Build.0 = Debug|Any CPU
		{A3BB0303-E637-4878-9757-5A2F321ACD4F}.Release|Any CPU.ActiveCfg = Release|Any CPU
		{A3BB0303-E637-4878-9757-5A2F321ACD4F}.Release|Any CPU.Build.0 = Release|Any CPU
		{C85905F0-D29E-455D-B727-E692C4F6475A}.Debug|Any CPU.ActiveCfg = Debug|Any CPU
		{C85905F0-D29E-455D-B727-E692C4F6475A}.Debug|Any CPU.Build.0 = Debug|Any CPU
		{C85905F0-D29E-455D-B727-E692C4F6475A}.Release|Any CPU.ActiveCfg = Release|Any CPU
		{C85905F0-D29E-455D-B727-E692C4F6475A}.Release|Any CPU.Build.0 = Release|Any CPU
		{7596F3DD-EC27-4FC8-940C-EDBA32D1AB3C}.Debug|Any CPU.ActiveCfg = Debug|Any CPU
		{7596F3DD-EC27-4FC8-940C-EDBA32D1AB3C}.Debug|Any CPU.Build.0 = Debug|Any CPU
		{7596F3DD-EC27-4FC8-940C-EDBA32D1AB3C}.Release|Any CPU.ActiveCfg = Release|Any CPU
		{7596F3DD-EC27-4FC8-940C-EDBA32D1AB3C}.Release|Any CPU.Build.0 = Release|Any CPU
		{18A70DD5-788D-46D0-89A2-7E5C470D6CA6}.Debug|Any CPU.ActiveCfg = Debug|Any CPU
		{18A70DD5-788D-46D0-89A2-7E5C470D6CA6}.Debug|Any CPU.Build.0 = Debug|Any CPU
		{18A70DD5-788D-46D0-89A2-7E5C470D6CA6}.Release|Any CPU.ActiveCfg = Release|Any CPU
		{18A70DD5-788D-46D0-89A2-7E5C470D6CA6}.Release|Any CPU.Build.0 = Release|Any CPU
		{34791FA0-6BCE-4B24-8200-FC5A35CD8DFD}.Debug|Any CPU.ActiveCfg = Debug|Any CPU
		{34791FA0-6BCE-4B24-8200-FC5A35CD8DFD}.Debug|Any CPU.Build.0 = Debug|Any CPU
		{34791FA0-6BCE-4B24-8200-FC5A35CD8DFD}.Release|Any CPU.ActiveCfg = Release|Any CPU
		{34791FA0-6BCE-4B24-8200-FC5A35CD8DFD}.Release|Any CPU.Build.0 = Release|Any CPU
		{EF0E6444-59BF-4ED9-A12C-183486EE8F76}.Debug|Any CPU.ActiveCfg = Debug|Any CPU
		{EF0E6444-59BF-4ED9-A12C-183486EE8F76}.Debug|Any CPU.Build.0 = Debug|Any CPU
		{EF0E6444-59BF-4ED9-A12C-183486EE8F76}.Release|Any CPU.ActiveCfg = Release|Any CPU
		{EF0E6444-59BF-4ED9-A12C-183486EE8F76}.Release|Any CPU.Build.0 = Release|Any CPU
		{F48D0B86-D47E-44D0-A0B3-21DF3C79EAFA}.Debug|Any CPU.ActiveCfg = Debug|Any CPU
		{F48D0B86-D47E-44D0-A0B3-21DF3C79EAFA}.Debug|Any CPU.Build.0 = Debug|Any CPU
		{F48D0B86-D47E-44D0-A0B3-21DF3C79EAFA}.Release|Any CPU.ActiveCfg = Release|Any CPU
		{F48D0B86-D47E-44D0-A0B3-21DF3C79EAFA}.Release|Any CPU.Build.0 = Release|Any CPU
		{F772A154-0726-491D-AFF9-FAC0E19BAC3F}.Debug|Any CPU.ActiveCfg = Debug|Any CPU
		{F772A154-0726-491D-AFF9-FAC0E19BAC3F}.Debug|Any CPU.Build.0 = Debug|Any CPU
		{F772A154-0726-491D-AFF9-FAC0E19BAC3F}.Release|Any CPU.ActiveCfg = Release|Any CPU
		{F772A154-0726-491D-AFF9-FAC0E19BAC3F}.Release|Any CPU.Build.0 = Release|Any CPU
		{862563D5-D39F-4275-87A4-4EAA6B831985}.Debug|Any CPU.ActiveCfg = Debug|Any CPU
		{862563D5-D39F-4275-87A4-4EAA6B831985}.Debug|Any CPU.Build.0 = Debug|Any CPU
		{862563D5-D39F-4275-87A4-4EAA6B831985}.Release|Any CPU.ActiveCfg = Release|Any CPU
		{862563D5-D39F-4275-87A4-4EAA6B831985}.Release|Any CPU.Build.0 = Release|Any CPU
		{C60163CD-630C-402A-B95F-BE55F2E482E8}.Debug|Any CPU.ActiveCfg = Debug|Any CPU
		{C60163CD-630C-402A-B95F-BE55F2E482E8}.Debug|Any CPU.Build.0 = Debug|Any CPU
		{C60163CD-630C-402A-B95F-BE55F2E482E8}.Release|Any CPU.ActiveCfg = Release|Any CPU
		{C60163CD-630C-402A-B95F-BE55F2E482E8}.Release|Any CPU.Build.0 = Release|Any CPU
		{61C788E6-1425-4364-A3E8-283D7F3F12B4}.Debug|Any CPU.ActiveCfg = Debug|Any CPU
		{61C788E6-1425-4364-A3E8-283D7F3F12B4}.Debug|Any CPU.Build.0 = Debug|Any CPU
		{61C788E6-1425-4364-A3E8-283D7F3F12B4}.Release|Any CPU.ActiveCfg = Release|Any CPU
		{61C788E6-1425-4364-A3E8-283D7F3F12B4}.Release|Any CPU.Build.0 = Release|Any CPU
		{7FB7606C-5616-4A5D-BFC3-DD97871E7F20}.Debug|Any CPU.ActiveCfg = Debug|Any CPU
		{7FB7606C-5616-4A5D-BFC3-DD97871E7F20}.Debug|Any CPU.Build.0 = Debug|Any CPU
		{7FB7606C-5616-4A5D-BFC3-DD97871E7F20}.Release|Any CPU.ActiveCfg = Release|Any CPU
		{7FB7606C-5616-4A5D-BFC3-DD97871E7F20}.Release|Any CPU.Build.0 = Release|Any CPU
		{B496202D-96EA-4669-84F3-906E6CEA2207}.Debug|Any CPU.ActiveCfg = Debug|Any CPU
		{B496202D-96EA-4669-84F3-906E6CEA2207}.Debug|Any CPU.Build.0 = Debug|Any CPU
		{B496202D-96EA-4669-84F3-906E6CEA2207}.Release|Any CPU.ActiveCfg = Release|Any CPU
		{B496202D-96EA-4669-84F3-906E6CEA2207}.Release|Any CPU.Build.0 = Release|Any CPU
	EndGlobalSection
	GlobalSection(SolutionProperties) = preSolution
		HideSolutionNode = FALSE
	EndGlobalSection
	GlobalSection(ExtensibilityGlobals) = postSolution
		SolutionGuid = {EC17AEB9-6C3E-48DF-8A28-CEC50DEE3DCF}
	EndGlobalSection
EndGlobal
