
Microsoft Visual Studio Solution File, Format Version 12.00
# Visual Studio 15
VisualStudioVersion = 15.0.28307.902
MinimumVisualStudioVersion = 10.0.40219.1
Project("{FAE04EC0-301F-11D3-BF4B-00C04F79EFBC}") = "WpfApp3", "WpfApp3\WpfApp3.csproj", "{1BB194B3-6FCE-4F21-BAA9-9C9503778309}"
EndProject
Global
	GlobalSection(SolutionConfigurationPlatforms) = preSolution
		Debug|Any CPU = Debug|Any CPU
		Release|Any CPU = Release|Any CPU
	EndGlobalSection
	GlobalSection(ProjectConfigurationPlatforms) = postSolution
		{1BB194B3-6FCE-4F21-BAA9-9C9503778309}.Debug|Any CPU.ActiveCfg = Debug|Any CPU
		{1BB194B3-6FCE-4F21-BAA9-9C9503778309}.Debug|Any CPU.Build.0 = Debug|Any CPU
		{1BB194B3-6FCE-4F21-BAA9-9C9503778309}.Release|Any CPU.ActiveCfg = Release|Any CPU
		{1BB194B3-6FCE-4F21-BAA9-9C9503778309}.Release|Any CPU.Build.0 = Release|Any CPU
	EndGlobalSection
	GlobalSection(SolutionProperties) = preSolution
		HideSolutionNode = FALSE
	EndGlobalSection
	GlobalSection(ExtensibilityGlobals) = postSolution
		SolutionGuid = {2CCEAF4C-A99E-4EF2-87C4-5FA62BD7DCF1}
	EndGlobalSection
EndGlobal
