
Microsoft Visual Studio Solution File, Format Version 12.00
# Visual Studio Version 16
VisualStudioVersion = 16.0.29728.190
MinimumVisualStudioVersion = 10.0.40219.1
Project("{FAE04EC0-301F-11D3-BF4B-00C04F79EFBC}") = "Practise_20200208", "Practise_20200208\Practise_20200208.csproj", "{F3C5AF55-1BE2-4246-8323-68DA2D052722}"
EndProject
Project("{FAE04EC0-301F-11D3-BF4B-00C04F79EFBC}") = "Task2", "Task2\Task2.csproj", "{CFA02FB2-0EF3-4ACC-BB26-84C1720B5738}"
EndProject
Global
	GlobalSection(SolutionConfigurationPlatforms) = preSolution
		Debug|Any CPU = Debug|Any CPU
		Release|Any CPU = Release|Any CPU
	EndGlobalSection
	GlobalSection(ProjectConfigurationPlatforms) = postSolution
		{F3C5AF55-1BE2-4246-8323-68DA2D052722}.Debug|Any CPU.ActiveCfg = Debug|Any CPU
		{F3C5AF55-1BE2-4246-8323-68DA2D052722}.Debug|Any CPU.Build.0 = Debug|Any CPU
		{F3C5AF55-1BE2-4246-8323-68DA2D052722}.Release|Any CPU.ActiveCfg = Release|Any CPU
		{F3C5AF55-1BE2-4246-8323-68DA2D052722}.Release|Any CPU.Build.0 = Release|Any CPU
		{CFA02FB2-0EF3-4ACC-BB26-84C1720B5738}.Debug|Any CPU.ActiveCfg = Debug|Any CPU
		{CFA02FB2-0EF3-4ACC-BB26-84C1720B5738}.Debug|Any CPU.Build.0 = Debug|Any CPU
		{CFA02FB2-0EF3-4ACC-BB26-84C1720B5738}.Release|Any CPU.ActiveCfg = Release|Any CPU
		{CFA02FB2-0EF3-4ACC-BB26-84C1720B5738}.Release|Any CPU.Build.0 = Release|Any CPU
	EndGlobalSection
	GlobalSection(SolutionProperties) = preSolution
		HideSolutionNode = FALSE
	EndGlobalSection
	GlobalSection(ExtensibilityGlobals) = postSolution
		SolutionGuid = {9B52682B-6D07-4361-8E0E-C23C94C6E49C}
	EndGlobalSection
EndGlobal
