
Microsoft Visual Studio Solution File, Format Version 12.00
# Visual Studio Version 16
VisualStudioVersion = 16.0.29728.190
MinimumVisualStudioVersion = 10.0.40219.1
Project("{FAE04EC0-301F-11D3-BF4B-00C04F79EFBC}") = "ToyStoreDB", "ToyStoreDB\ToyStoreDB.csproj", "{682A0CAD-13A8-4C6B-8EB1-50846B134B88}"
EndProject
Project("{FAE04EC0-301F-11D3-BF4B-00C04F79EFBC}") = "ToyStore.DAL", "ToyStore.DAL\ToyStore.DAL.csproj", "{9806B3EA-F94F-45A3-8BE6-3ED35E0A9691}"
EndProject
Global
	GlobalSection(SolutionConfigurationPlatforms) = preSolution
		Debug|Any CPU = Debug|Any CPU
		Release|Any CPU = Release|Any CPU
	EndGlobalSection
	GlobalSection(ProjectConfigurationPlatforms) = postSolution
		{682A0CAD-13A8-4C6B-8EB1-50846B134B88}.Debug|Any CPU.ActiveCfg = Debug|Any CPU
		{682A0CAD-13A8-4C6B-8EB1-50846B134B88}.Debug|Any CPU.Build.0 = Debug|Any CPU
		{682A0CAD-13A8-4C6B-8EB1-50846B134B88}.Release|Any CPU.ActiveCfg = Release|Any CPU
		{682A0CAD-13A8-4C6B-8EB1-50846B134B88}.Release|Any CPU.Build.0 = Release|Any CPU
		{9806B3EA-F94F-45A3-8BE6-3ED35E0A9691}.Debug|Any CPU.ActiveCfg = Debug|Any CPU
		{9806B3EA-F94F-45A3-8BE6-3ED35E0A9691}.Debug|Any CPU.Build.0 = Debug|Any CPU
		{9806B3EA-F94F-45A3-8BE6-3ED35E0A9691}.Release|Any CPU.ActiveCfg = Release|Any CPU
		{9806B3EA-F94F-45A3-8BE6-3ED35E0A9691}.Release|Any CPU.Build.0 = Release|Any CPU
	EndGlobalSection
	GlobalSection(SolutionProperties) = preSolution
		HideSolutionNode = FALSE
	EndGlobalSection
	GlobalSection(ExtensibilityGlobals) = postSolution
		SolutionGuid = {1D7F7ABF-B5D5-470D-AC6D-00CA37468859}
	EndGlobalSection
EndGlobal
